
Microsoft Visual Studio Solution File, Format Version 12.00
# Visual Studio Version 17
VisualStudioVersion = 17.0.32112.339
MinimumVisualStudioVersion = 10.0.40219.1
Project("{FAE04EC0-301F-11D3-BF4B-00C04F79EFBC}") = "TravelToCoolPlace", "TravelToCoolPlace\TravelToCoolPlace.csproj", "{5CEC9237-A0EC-4EB6-900A-2DFADE38637E}"
EndProject
Global
	GlobalSection(SolutionConfigurationPlatforms) = preSolution
		Debug|Any CPU = Debug|Any CPU
		Release|Any CPU = Release|Any CPU
	EndGlobalSection
	GlobalSection(ProjectConfigurationPlatforms) = postSolution
		{5CEC9237-A0EC-4EB6-900A-2DFADE38637E}.Debug|Any CPU.ActiveCfg = Debug|Any CPU
		{5CEC9237-A0EC-4EB6-900A-2DFADE38637E}.Debug|Any CPU.Build.0 = Debug|Any CPU
		{5CEC9237-A0EC-4EB6-900A-2DFADE38637E}.Release|Any CPU.ActiveCfg = Release|Any CPU
		{5CEC9237-A0EC-4EB6-900A-2DFADE38637E}.Release|Any CPU.Build.0 = Release|Any CPU
	EndGlobalSection
	GlobalSection(SolutionProperties) = preSolution
		HideSolutionNode = FALSE
	EndGlobalSection
	GlobalSection(ExtensibilityGlobals) = postSolution
		SolutionGuid = {A38B9477-56F4-41C8-8DBB-345D77472AF7}
	EndGlobalSection
EndGlobal
